
Microsoft Visual Studio Solution File, Format Version 12.00
# Visual Studio Version 16
VisualStudioVersion = 16.0.30104.148
MinimumVisualStudioVersion = 10.0.40219.1
Project("{FAE04EC0-301F-11D3-BF4B-00C04F79EFBC}") = "AspnetCoreDeco", "Asp\AspnetCoreDeco.csproj", "{000B1618-B573-4A23-BDA6-21AB6CC09237}"
EndProject
Global
	GlobalSection(SolutionConfigurationPlatforms) = preSolution
		Debug|Any CPU = Debug|Any CPU
		Release|Any CPU = Release|Any CPU
	EndGlobalSection
	GlobalSection(ProjectConfigurationPlatforms) = postSolution
		{000B1618-B573-4A23-BDA6-21AB6CC09237}.Debug|Any CPU.ActiveCfg = Debug|Any CPU
		{000B1618-B573-4A23-BDA6-21AB6CC09237}.Debug|Any CPU.Build.0 = Debug|Any CPU
		{000B1618-B573-4A23-BDA6-21AB6CC09237}.Release|Any CPU.ActiveCfg = Release|Any CPU
		{000B1618-B573-4A23-BDA6-21AB6CC09237}.Release|Any CPU.Build.0 = Release|Any CPU
	EndGlobalSection
	GlobalSection(SolutionProperties) = preSolution
		HideSolutionNode = FALSE
	EndGlobalSection
	GlobalSection(ExtensibilityGlobals) = postSolution
		SolutionGuid = {A40AA8BE-39AC-4E94-B37A-2859CF24F0A5}
	EndGlobalSection
EndGlobal
